
Microsoft Visual Studio Solution File, Format Version 12.00
# Visual Studio 2017
Project("{FAE04EC0-301F-11D3-BF4B-00C04F79EFBC}") = "VR-projekt", "VR-projekt.csproj", "{B41A5104-D0C8-DA92-4635-983D06D0196A}"
EndProject
Project("{FAE04EC0-301F-11D3-BF4B-00C04F79EFBC}") = "VR-projekt.Editor", "VR-projekt.Editor.csproj", "{DEDE857B-2B25-D861-1449-18879CBCDB72}"
EndProject
Global
	GlobalSection(SolutionConfigurationPlatforms) = preSolution
		Debug|Any CPU = Debug|Any CPU
		Release|Any CPU = Release|Any CPU
	EndGlobalSection
	GlobalSection(ProjectConfigurationPlatforms) = postSolution
		{B41A5104-D0C8-DA92-4635-983D06D0196A}.Debug|Any CPU.ActiveCfg = Debug|Any CPU
		{B41A5104-D0C8-DA92-4635-983D06D0196A}.Debug|Any CPU.Build.0 = Debug|Any CPU
		{B41A5104-D0C8-DA92-4635-983D06D0196A}.Release|Any CPU.ActiveCfg = Release|Any CPU
		{B41A5104-D0C8-DA92-4635-983D06D0196A}.Release|Any CPU.Build.0 = Release|Any CPU
		{DEDE857B-2B25-D861-1449-18879CBCDB72}.Debug|Any CPU.ActiveCfg = Debug|Any CPU
		{DEDE857B-2B25-D861-1449-18879CBCDB72}.Debug|Any CPU.Build.0 = Debug|Any CPU
		{DEDE857B-2B25-D861-1449-18879CBCDB72}.Release|Any CPU.ActiveCfg = Release|Any CPU
		{DEDE857B-2B25-D861-1449-18879CBCDB72}.Release|Any CPU.Build.0 = Release|Any CPU
	EndGlobalSection
	GlobalSection(SolutionProperties) = preSolution
		HideSolutionNode = FALSE
	EndGlobalSection
EndGlobal
